
Microsoft Visual Studio Solution File, Format Version 12.00
# Visual Studio 2017
Project("{FAE04EC0-301F-11D3-BF4B-00C04F79EFBC}") = "UFO", "UFO.csproj", "{2B6FB091-D1A9-8806-7BDC-E597D0C7AF1D}"
EndProject
Project("{FAE04EC0-301F-11D3-BF4B-00C04F79EFBC}") = "UFO.Editor", "UFO.Editor.csproj", "{7A90E437-D03E-2F91-70D6-B4E3A6D95DAC}"
EndProject
Global
	GlobalSection(SolutionConfigurationPlatforms) = preSolution
		Debug|Any CPU = Debug|Any CPU
		Release|Any CPU = Release|Any CPU
	EndGlobalSection
	GlobalSection(ProjectConfigurationPlatforms) = postSolution
		{2B6FB091-D1A9-8806-7BDC-E597D0C7AF1D}.Debug|Any CPU.ActiveCfg = Debug|Any CPU
		{2B6FB091-D1A9-8806-7BDC-E597D0C7AF1D}.Debug|Any CPU.Build.0 = Debug|Any CPU
		{2B6FB091-D1A9-8806-7BDC-E597D0C7AF1D}.Release|Any CPU.ActiveCfg = Release|Any CPU
		{2B6FB091-D1A9-8806-7BDC-E597D0C7AF1D}.Release|Any CPU.Build.0 = Release|Any CPU
		{7A90E437-D03E-2F91-70D6-B4E3A6D95DAC}.Debug|Any CPU.ActiveCfg = Debug|Any CPU
		{7A90E437-D03E-2F91-70D6-B4E3A6D95DAC}.Debug|Any CPU.Build.0 = Debug|Any CPU
		{7A90E437-D03E-2F91-70D6-B4E3A6D95DAC}.Release|Any CPU.ActiveCfg = Release|Any CPU
		{7A90E437-D03E-2F91-70D6-B4E3A6D95DAC}.Release|Any CPU.Build.0 = Release|Any CPU
	EndGlobalSection
	GlobalSection(SolutionProperties) = preSolution
		HideSolutionNode = FALSE
	EndGlobalSection
EndGlobal
