
Microsoft Visual Studio Solution File, Format Version 12.00
# Visual Studio 2017
Project("{FAE04EC0-301F-11D3-BF4B-00C04F79EFBC}") = "Car 2D.Plugins", "Car 2D.Plugins.csproj", "{B35F3A7C-70CC-9136-0EAF-C1845FAE7420}"
EndProject
Project("{FAE04EC0-301F-11D3-BF4B-00C04F79EFBC}") = "Car 2D.Editor.Plugins", "Car 2D.Editor.Plugins.csproj", "{06E28B5A-0F17-EDD7-8544-2ADA20C9E536}"
EndProject
Global
	GlobalSection(SolutionConfigurationPlatforms) = preSolution
		Debug|Any CPU = Debug|Any CPU
		Release|Any CPU = Release|Any CPU
	EndGlobalSection
	GlobalSection(ProjectConfigurationPlatforms) = postSolution
		{B35F3A7C-70CC-9136-0EAF-C1845FAE7420}.Debug|Any CPU.ActiveCfg = Debug|Any CPU
		{B35F3A7C-70CC-9136-0EAF-C1845FAE7420}.Debug|Any CPU.Build.0 = Debug|Any CPU
		{B35F3A7C-70CC-9136-0EAF-C1845FAE7420}.Release|Any CPU.ActiveCfg = Release|Any CPU
		{B35F3A7C-70CC-9136-0EAF-C1845FAE7420}.Release|Any CPU.Build.0 = Release|Any CPU
		{06E28B5A-0F17-EDD7-8544-2ADA20C9E536}.Debug|Any CPU.ActiveCfg = Debug|Any CPU
		{06E28B5A-0F17-EDD7-8544-2ADA20C9E536}.Debug|Any CPU.Build.0 = Debug|Any CPU
		{06E28B5A-0F17-EDD7-8544-2ADA20C9E536}.Release|Any CPU.ActiveCfg = Release|Any CPU
		{06E28B5A-0F17-EDD7-8544-2ADA20C9E536}.Release|Any CPU.Build.0 = Release|Any CPU
	EndGlobalSection
	GlobalSection(SolutionProperties) = preSolution
		HideSolutionNode = FALSE
	EndGlobalSection
EndGlobal
