
Microsoft Visual Studio Solution File, Format Version 12.00
# Visual Studio 2017
Project("{FAE04EC0-301F-11D3-BF4B-00C04F79EFBC}") = "Buoyant", "Buoyant.csproj", "{0AE7ACF0-AFEB-9810-A0EC-7223DB08D875}"
EndProject
Global
	GlobalSection(SolutionConfigurationPlatforms) = preSolution
		Debug|Any CPU = Debug|Any CPU
		Release|Any CPU = Release|Any CPU
	EndGlobalSection
	GlobalSection(ProjectConfigurationPlatforms) = postSolution
		{0AE7ACF0-AFEB-9810-A0EC-7223DB08D875}.Debug|Any CPU.ActiveCfg = Debug|Any CPU
		{0AE7ACF0-AFEB-9810-A0EC-7223DB08D875}.Debug|Any CPU.Build.0 = Debug|Any CPU
		{0AE7ACF0-AFEB-9810-A0EC-7223DB08D875}.Release|Any CPU.ActiveCfg = Release|Any CPU
		{0AE7ACF0-AFEB-9810-A0EC-7223DB08D875}.Release|Any CPU.Build.0 = Release|Any CPU
	EndGlobalSection
	GlobalSection(SolutionProperties) = preSolution
		HideSolutionNode = FALSE
	EndGlobalSection
EndGlobal
